
Microsoft Visual Studio Solution File, Format Version 12.00
# Visual Studio 15
VisualStudioVersion = 15.0.28307.902
MinimumVisualStudioVersion = 10.0.40219.1
Project("{9A19103F-16F7-4668-BE54-9A1E7A4F7556}") = "Dmt.DM.Web", "Dmt.DM.Web\Dmt.DM.Web.csproj", "{141D946B-D248-4CE7-AF30-3CBEDFE1139E}"
EndProject
Project("{9A19103F-16F7-4668-BE54-9A1E7A4F7556}") = "Dmt.DM.Code", "Dmt.DM.Code\Dmt.DM.Code.csproj", "{3AB73A22-4EEF-4E38-8096-508C1AE91D00}"
EndProject
Project("{9A19103F-16F7-4668-BE54-9A1E7A4F7556}") = "Dmt.DM.Data", "Dmt.DM.Data\Dmt.DM.Data.csproj", "{DF1202C1-4CB9-4105-BEB3-B758568D7360}"
EndProject
Project("{2150E333-8FDC-42A3-9474-1A3956D46DE8}") = "Common 基础结构层", "Common 基础结构层", "{6861DAFA-FE51-4C68-BDAA-2FA61AF4994B}"
EndProject
Project("{2150E333-8FDC-42A3-9474-1A3956D46DE8}") = "Domain 应用服务", "Domain 应用服务", "{1C15FBAC-76B7-4563-829B-A7FA257A814E}"
EndProject
Project("{9A19103F-16F7-4668-BE54-9A1E7A4F7556}") = "Dmt.DM.EntityFrameWork", "Dmt.DM.Repository\Dmt.DM.EntityFrameWork.csproj", "{AE2A6FEF-4086-4DA0-BD06-6EB93A6B315A}"
EndProject
Project("{9A19103F-16F7-4668-BE54-9A1E7A4F7556}") = "Dmt.DM.Domain", "Dmt.Dm.Domain\Dmt.DM.Domain.csproj", "{A49097BC-6486-4193-AF46-D808063D620A}"
EndProject
Project("{9A19103F-16F7-4668-BE54-9A1E7A4F7556}") = "Dmt.DM.Application", "Dmt.DM.Application\Dmt.DM.Application.csproj", "{D5351AE9-75C1-487F-8512-733122AB7F47}"
EndProject
Project("{2150E333-8FDC-42A3-9474-1A3956D46DE8}") = "Web 应用程序", "Web 应用程序", "{4BA48FCB-08C2-48E8-B8B9-3E17ABAF982F}"
EndProject
Project("{9A19103F-16F7-4668-BE54-9A1E7A4F7556}") = "Dmt.DM.IoCConfig", "Dmt.DM.IoCConfig\Dmt.DM.IoCConfig.csproj", "{EAA6CAEA-C0DA-4B8A-B24C-E71C40063E53}"
EndProject
Project("{9A19103F-16F7-4668-BE54-9A1E7A4F7556}") = "Dmt.DM.UOW", "Dmt.DM.UOW\Dmt.DM.UOW.csproj", "{60CD423A-F916-4D5A-B34B-B17FD4B45F82}"
EndProject
Project("{9A19103F-16F7-4668-BE54-9A1E7A4F7556}") = "Dmt.DM.Mapper", "Dmt.DM.Mapper\Dmt.DM.Mapper.csproj", "{B34A3986-2067-47B2-BD1D-AF0F6DC1F1C7}"
EndProject
Project("{9A19103F-16F7-4668-BE54-9A1E7A4F7556}") = "Dmt.DM.ExternalInterface", "Dmt.DM.ExternalInterface\Dmt.DM.ExternalInterface.csproj", "{CC774F1B-57E6-4A8D-B686-06659BD15A49}"
EndProject
Global
	GlobalSection(SolutionConfigurationPlatforms) = preSolution
		Debug|Any CPU = Debug|Any CPU
		Release|Any CPU = Release|Any CPU
	EndGlobalSection
	GlobalSection(ProjectConfigurationPlatforms) = postSolution
		{141D946B-D248-4CE7-AF30-3CBEDFE1139E}.Debug|Any CPU.ActiveCfg = Debug|Any CPU
		{141D946B-D248-4CE7-AF30-3CBEDFE1139E}.Debug|Any CPU.Build.0 = Debug|Any CPU
		{141D946B-D248-4CE7-AF30-3CBEDFE1139E}.Release|Any CPU.ActiveCfg = Release|Any CPU
		{141D946B-D248-4CE7-AF30-3CBEDFE1139E}.Release|Any CPU.Build.0 = Release|Any CPU
		{3AB73A22-4EEF-4E38-8096-508C1AE91D00}.Debug|Any CPU.ActiveCfg = Debug|Any CPU
		{3AB73A22-4EEF-4E38-8096-508C1AE91D00}.Debug|Any CPU.Build.0 = Debug|Any CPU
		{3AB73A22-4EEF-4E38-8096-508C1AE91D00}.Release|Any CPU.ActiveCfg = Release|Any CPU
		{3AB73A22-4EEF-4E38-8096-508C1AE91D00}.Release|Any CPU.Build.0 = Release|Any CPU
		{DF1202C1-4CB9-4105-BEB3-B758568D7360}.Debug|Any CPU.ActiveCfg = Debug|Any CPU
		{DF1202C1-4CB9-4105-BEB3-B758568D7360}.Debug|Any CPU.Build.0 = Debug|Any CPU
		{DF1202C1-4CB9-4105-BEB3-B758568D7360}.Release|Any CPU.ActiveCfg = Release|Any CPU
		{DF1202C1-4CB9-4105-BEB3-B758568D7360}.Release|Any CPU.Build.0 = Release|Any CPU
		{AE2A6FEF-4086-4DA0-BD06-6EB93A6B315A}.Debug|Any CPU.ActiveCfg = Debug|Any CPU
		{AE2A6FEF-4086-4DA0-BD06-6EB93A6B315A}.Debug|Any CPU.Build.0 = Debug|Any CPU
		{AE2A6FEF-4086-4DA0-BD06-6EB93A6B315A}.Release|Any CPU.ActiveCfg = Release|Any CPU
		{AE2A6FEF-4086-4DA0-BD06-6EB93A6B315A}.Release|Any CPU.Build.0 = Release|Any CPU
		{A49097BC-6486-4193-AF46-D808063D620A}.Debug|Any CPU.ActiveCfg = Debug|Any CPU
		{A49097BC-6486-4193-AF46-D808063D620A}.Debug|Any CPU.Build.0 = Debug|Any CPU
		{A49097BC-6486-4193-AF46-D808063D620A}.Release|Any CPU.ActiveCfg = Release|Any CPU
		{A49097BC-6486-4193-AF46-D808063D620A}.Release|Any CPU.Build.0 = Release|Any CPU
		{D5351AE9-75C1-487F-8512-733122AB7F47}.Debug|Any CPU.ActiveCfg = Debug|Any CPU
		{D5351AE9-75C1-487F-8512-733122AB7F47}.Debug|Any CPU.Build.0 = Debug|Any CPU
		{D5351AE9-75C1-487F-8512-733122AB7F47}.Release|Any CPU.ActiveCfg = Release|Any CPU
		{D5351AE9-75C1-487F-8512-733122AB7F47}.Release|Any CPU.Build.0 = Release|Any CPU
		{EAA6CAEA-C0DA-4B8A-B24C-E71C40063E53}.Debug|Any CPU.ActiveCfg = Debug|Any CPU
		{EAA6CAEA-C0DA-4B8A-B24C-E71C40063E53}.Debug|Any CPU.Build.0 = Debug|Any CPU
		{EAA6CAEA-C0DA-4B8A-B24C-E71C40063E53}.Release|Any CPU.ActiveCfg = Release|Any CPU
		{EAA6CAEA-C0DA-4B8A-B24C-E71C40063E53}.Release|Any CPU.Build.0 = Release|Any CPU
		{60CD423A-F916-4D5A-B34B-B17FD4B45F82}.Debug|Any CPU.ActiveCfg = Debug|Any CPU
		{60CD423A-F916-4D5A-B34B-B17FD4B45F82}.Debug|Any CPU.Build.0 = Debug|Any CPU
		{60CD423A-F916-4D5A-B34B-B17FD4B45F82}.Release|Any CPU.ActiveCfg = Release|Any CPU
		{60CD423A-F916-4D5A-B34B-B17FD4B45F82}.Release|Any CPU.Build.0 = Release|Any CPU
		{B34A3986-2067-47B2-BD1D-AF0F6DC1F1C7}.Debug|Any CPU.ActiveCfg = Debug|Any CPU
		{B34A3986-2067-47B2-BD1D-AF0F6DC1F1C7}.Debug|Any CPU.Build.0 = Debug|Any CPU
		{B34A3986-2067-47B2-BD1D-AF0F6DC1F1C7}.Release|Any CPU.ActiveCfg = Release|Any CPU
		{B34A3986-2067-47B2-BD1D-AF0F6DC1F1C7}.Release|Any CPU.Build.0 = Release|Any CPU
		{CC774F1B-57E6-4A8D-B686-06659BD15A49}.Debug|Any CPU.ActiveCfg = Debug|Any CPU
		{CC774F1B-57E6-4A8D-B686-06659BD15A49}.Debug|Any CPU.Build.0 = Debug|Any CPU
		{CC774F1B-57E6-4A8D-B686-06659BD15A49}.Release|Any CPU.ActiveCfg = Release|Any CPU
		{CC774F1B-57E6-4A8D-B686-06659BD15A49}.Release|Any CPU.Build.0 = Release|Any CPU
	EndGlobalSection
	GlobalSection(SolutionProperties) = preSolution
		HideSolutionNode = FALSE
	EndGlobalSection
	GlobalSection(NestedProjects) = preSolution
		{141D946B-D248-4CE7-AF30-3CBEDFE1139E} = {4BA48FCB-08C2-48E8-B8B9-3E17ABAF982F}
		{3AB73A22-4EEF-4E38-8096-508C1AE91D00} = {6861DAFA-FE51-4C68-BDAA-2FA61AF4994B}
		{DF1202C1-4CB9-4105-BEB3-B758568D7360} = {6861DAFA-FE51-4C68-BDAA-2FA61AF4994B}
		{AE2A6FEF-4086-4DA0-BD06-6EB93A6B315A} = {1C15FBAC-76B7-4563-829B-A7FA257A814E}
		{A49097BC-6486-4193-AF46-D808063D620A} = {1C15FBAC-76B7-4563-829B-A7FA257A814E}
		{D5351AE9-75C1-487F-8512-733122AB7F47} = {1C15FBAC-76B7-4563-829B-A7FA257A814E}
		{EAA6CAEA-C0DA-4B8A-B24C-E71C40063E53} = {1C15FBAC-76B7-4563-829B-A7FA257A814E}
		{60CD423A-F916-4D5A-B34B-B17FD4B45F82} = {1C15FBAC-76B7-4563-829B-A7FA257A814E}
		{B34A3986-2067-47B2-BD1D-AF0F6DC1F1C7} = {1C15FBAC-76B7-4563-829B-A7FA257A814E}
		{CC774F1B-57E6-4A8D-B686-06659BD15A49} = {1C15FBAC-76B7-4563-829B-A7FA257A814E}
	EndGlobalSection
	GlobalSection(ExtensibilityGlobals) = postSolution
		SolutionGuid = {8DB6B8AA-6A31-42C4-8249-B38FFDC1231D}
	EndGlobalSection
EndGlobal
